
Microsoft Visual Studio Solution File, Format Version 12.00
# Visual Studio Version 17
VisualStudioVersion = 17.7.34221.43
MinimumVisualStudioVersion = 10.0.40219.1
Project("{2150E333-8FDC-42A3-9474-1A3956D46DE8}") = "src", "src", "{4BB09EC7-4675-4E5F-87E4-19E486227635}"
EndProject
Project("{2150E333-8FDC-42A3-9474-1A3956D46DE8}") = "Driven", "Driven", "{8CBA3057-E7C0-4070-B9D8-6BA955B37972}"
EndProject
Project("{2150E333-8FDC-42A3-9474-1A3956D46DE8}") = "Driver", "Driver", "{75C90519-2C64-421E-BEAB-952DE979B9E6}"
EndProject
Project("{2150E333-8FDC-42A3-9474-1A3956D46DE8}") = "Adapter", "Adapter", "{9109D472-46E4-478F-B98A-7671B31682F4}"
EndProject
Project("{2150E333-8FDC-42A3-9474-1A3956D46DE8}") = "Core", "Core", "{52A61FF8-362C-4A96-B875-506885E10089}"
EndProject
Project("{FAE04EC0-301F-11D3-BF4B-00C04F79EFBC}") = "Application", "Application\Application.csproj", "{AADBF9BE-9720-41E5-97FF-3509C86C7456}"
EndProject
Project("{FAE04EC0-301F-11D3-BF4B-00C04F79EFBC}") = "Domain", "Domain\Domain.csproj", "{AEA63122-40C7-4A90-915F-CE3456E943B6}"
EndProject
Project("{FAE04EC0-301F-11D3-BF4B-00C04F79EFBC}") = "Infra", "Infra\Infra.csproj", "{9A5D63E4-593B-4F51-B138-DA3F228783DB}"
EndProject
Project("{FAE04EC0-301F-11D3-BF4B-00C04F79EFBC}") = "API", "API\API.csproj", "{68DCAC8C-99EE-4900-9230-CDC5E34F628B}"
EndProject
Project("{2150E333-8FDC-42A3-9474-1A3956D46DE8}") = "tests", "tests", "{92A525E0-F67C-46B4-9B6E-8238FF739FF8}"
EndProject
Project("{FAE04EC0-301F-11D3-BF4B-00C04F79EFBC}") = "Domain.Tests", "Domain.Tests\Domain.Tests.csproj", "{9BADF701-4029-4E79-BB42-B3756446207C}"
EndProject
Global
	GlobalSection(SolutionConfigurationPlatforms) = preSolution
		Debug|Any CPU = Debug|Any CPU
		Release|Any CPU = Release|Any CPU
	EndGlobalSection
	GlobalSection(ProjectConfigurationPlatforms) = postSolution
		{AADBF9BE-9720-41E5-97FF-3509C86C7456}.Debug|Any CPU.ActiveCfg = Debug|Any CPU
		{AADBF9BE-9720-41E5-97FF-3509C86C7456}.Debug|Any CPU.Build.0 = Debug|Any CPU
		{AADBF9BE-9720-41E5-97FF-3509C86C7456}.Release|Any CPU.ActiveCfg = Release|Any CPU
		{AADBF9BE-9720-41E5-97FF-3509C86C7456}.Release|Any CPU.Build.0 = Release|Any CPU
		{AEA63122-40C7-4A90-915F-CE3456E943B6}.Debug|Any CPU.ActiveCfg = Debug|Any CPU
		{AEA63122-40C7-4A90-915F-CE3456E943B6}.Debug|Any CPU.Build.0 = Debug|Any CPU
		{AEA63122-40C7-4A90-915F-CE3456E943B6}.Release|Any CPU.ActiveCfg = Release|Any CPU
		{AEA63122-40C7-4A90-915F-CE3456E943B6}.Release|Any CPU.Build.0 = Release|Any CPU
		{9A5D63E4-593B-4F51-B138-DA3F228783DB}.Debug|Any CPU.ActiveCfg = Debug|Any CPU
		{9A5D63E4-593B-4F51-B138-DA3F228783DB}.Debug|Any CPU.Build.0 = Debug|Any CPU
		{9A5D63E4-593B-4F51-B138-DA3F228783DB}.Release|Any CPU.ActiveCfg = Release|Any CPU
		{9A5D63E4-593B-4F51-B138-DA3F228783DB}.Release|Any CPU.Build.0 = Release|Any CPU
		{68DCAC8C-99EE-4900-9230-CDC5E34F628B}.Debug|Any CPU.ActiveCfg = Debug|Any CPU
		{68DCAC8C-99EE-4900-9230-CDC5E34F628B}.Debug|Any CPU.Build.0 = Debug|Any CPU
		{68DCAC8C-99EE-4900-9230-CDC5E34F628B}.Release|Any CPU.ActiveCfg = Release|Any CPU
		{68DCAC8C-99EE-4900-9230-CDC5E34F628B}.Release|Any CPU.Build.0 = Release|Any CPU
		{9BADF701-4029-4E79-BB42-B3756446207C}.Debug|Any CPU.ActiveCfg = Debug|Any CPU
		{9BADF701-4029-4E79-BB42-B3756446207C}.Debug|Any CPU.Build.0 = Debug|Any CPU
		{9BADF701-4029-4E79-BB42-B3756446207C}.Release|Any CPU.ActiveCfg = Release|Any CPU
		{9BADF701-4029-4E79-BB42-B3756446207C}.Release|Any CPU.Build.0 = Release|Any CPU
	EndGlobalSection
	GlobalSection(SolutionProperties) = preSolution
		HideSolutionNode = FALSE
	EndGlobalSection
	GlobalSection(NestedProjects) = preSolution
		{8CBA3057-E7C0-4070-B9D8-6BA955B37972} = {9109D472-46E4-478F-B98A-7671B31682F4}
		{75C90519-2C64-421E-BEAB-952DE979B9E6} = {9109D472-46E4-478F-B98A-7671B31682F4}
		{9109D472-46E4-478F-B98A-7671B31682F4} = {4BB09EC7-4675-4E5F-87E4-19E486227635}
		{52A61FF8-362C-4A96-B875-506885E10089} = {4BB09EC7-4675-4E5F-87E4-19E486227635}
		{AADBF9BE-9720-41E5-97FF-3509C86C7456} = {52A61FF8-362C-4A96-B875-506885E10089}
		{AEA63122-40C7-4A90-915F-CE3456E943B6} = {52A61FF8-362C-4A96-B875-506885E10089}
		{9A5D63E4-593B-4F51-B138-DA3F228783DB} = {8CBA3057-E7C0-4070-B9D8-6BA955B37972}
		{68DCAC8C-99EE-4900-9230-CDC5E34F628B} = {75C90519-2C64-421E-BEAB-952DE979B9E6}
		{9BADF701-4029-4E79-BB42-B3756446207C} = {92A525E0-F67C-46B4-9B6E-8238FF739FF8}
	EndGlobalSection
	GlobalSection(ExtensibilityGlobals) = postSolution
		SolutionGuid = {F81D35D3-5EF0-4748-8F88-37AC843BD157}
	EndGlobalSection
EndGlobal
